// !$*UTF8*$!
{
	archiveVersion = 1;
	classes = {
	};
	objectVersion = 55;
	objects = {

/* Begin PBXBuildFile section */
		2678D7C627BE50B6006A13E5 /* ImagePicker.swift in Sources */ = {isa = PBXBuildFile; fileRef = 2678D7C527BE50B6006A13E5 /* ImagePicker.swift */; };
		2678D7C827BE50EF006A13E5 /* Image&Extension.swift in Sources */ = {isa = PBXBuildFile; fileRef = 2678D7C727BE50EF006A13E5 /* Image&Extension.swift */; };
		2678D7CA27BE511D006A13E5 /* Audio.swift in Sources */ = {isa = PBXBuildFile; fileRef = 2678D7C927BE511D006A13E5 /* Audio.swift */; };
		2678D7CC27BE5161006A13E5 /* DataHandling.swift in Sources */ = {isa = PBXBuildFile; fileRef = 2678D7CB27BE5161006A13E5 /* DataHandling.swift */; };
		2678D7D227BE64D7006A13E5 /* SpeechService.swift in Sources */ = {isa = PBXBuildFile; fileRef = 2678D7D127BE64D7006A13E5 /* SpeechService.swift */; };
		5A0F850A27BCEBE9004592D9 /* AutismApp.swift in Sources */ = {isa = PBXBuildFile; fileRef = 5A0F850927BCEBE9004592D9 /* AutismApp.swift */; };
		5A0F850E27BCEBEA004592D9 /* Assets.xcassets in Resources */ = {isa = PBXBuildFile; fileRef = 5A0F850D27BCEBEA004592D9 /* Assets.xcassets */; };
		5A0F851127BCEBEA004592D9 /* Preview Assets.xcassets in Resources */ = {isa = PBXBuildFile; fileRef = 5A0F851027BCEBEA004592D9 /* Preview Assets.xcassets */; };
		5A0F851327BCEBEA004592D9 /* Persistence.swift in Sources */ = {isa = PBXBuildFile; fileRef = 5A0F851227BCEBEA004592D9 /* Persistence.swift */; };
		5A0F851627BCEBEA004592D9 /* Autism.xcdatamodeld in Sources */ = {isa = PBXBuildFile; fileRef = 5A0F851427BCEBEA004592D9 /* Autism.xcdatamodeld */; };
		5A0F851D27BE3D6E004592D9 /* NavigationView.swift in Sources */ = {isa = PBXBuildFile; fileRef = 5A0F851C27BE3D6E004592D9 /* NavigationView.swift */; };
		5A0F851F27BE3D7F004592D9 /* HomeView.swift in Sources */ = {isa = PBXBuildFile; fileRef = 5A0F851E27BE3D7F004592D9 /* HomeView.swift */; };
		5A0F852127BE3D89004592D9 /* FavView.swift in Sources */ = {isa = PBXBuildFile; fileRef = 5A0F852027BE3D89004592D9 /* FavView.swift */; };
		5A0F852327BE3D9B004592D9 /* CreateView.swift in Sources */ = {isa = PBXBuildFile; fileRef = 5A0F852227BE3D9B004592D9 /* CreateView.swift */; };
		5A0F852527BE3DC8004592D9 /* FeelView.swift in Sources */ = {isa = PBXBuildFile; fileRef = 5A0F852427BE3DC8004592D9 /* FeelView.swift */; };
		5A0F852827BEA755004592D9 /* TestButtonView.swift in Sources */ = {isa = PBXBuildFile; fileRef = 5A0F852727BEA755004592D9 /* TestButtonView.swift */; };
		5A0F853427BFAAF5004592D9 /* CardModel.swift in Sources */ = {isa = PBXBuildFile; fileRef = 5A0F853327BFAAF5004592D9 /* CardModel.swift */; };
		5A433C0C27BFB93D007E7869 /* SmallcardImage.swift in Sources */ = {isa = PBXBuildFile; fileRef = 5A433C0B27BFB93D007E7869 /* SmallcardImage.swift */; };
/* End PBXBuildFile section */

/* Begin PBXFileReference section */
		2678D7C527BE50B6006A13E5 /* ImagePicker.swift */ = {isa = PBXFileReference; lastKnownFileType = sourcecode.swift; path = ImagePicker.swift; sourceTree = "<group>"; };
		2678D7C727BE50EF006A13E5 /* Image&Extension.swift */ = {isa = PBXFileReference; lastKnownFileType = sourcecode.swift; path = "Image&Extension.swift"; sourceTree = "<group>"; };
		2678D7C927BE511D006A13E5 /* Audio.swift */ = {isa = PBXFileReference; lastKnownFileType = sourcecode.swift; path = Audio.swift; sourceTree = "<group>"; };
		2678D7CB27BE5161006A13E5 /* DataHandling.swift */ = {isa = PBXFileReference; lastKnownFileType = sourcecode.swift; path = DataHandling.swift; sourceTree = "<group>"; };
		2678D7D127BE64D7006A13E5 /* SpeechService.swift */ = {isa = PBXFileReference; lastKnownFileType = sourcecode.swift; path = SpeechService.swift; sourceTree = "<group>"; };
		5A0F850627BCEBE9004592D9 /* Autism.app */ = {isa = PBXFileReference; explicitFileType = wrapper.application; includeInIndex = 0; path = Autism.app; sourceTree = BUILT_PRODUCTS_DIR; };
		5A0F850927BCEBE9004592D9 /* AutismApp.swift */ = {isa = PBXFileReference; lastKnownFileType = sourcecode.swift; path = AutismApp.swift; sourceTree = "<group>"; };
		5A0F850D27BCEBEA004592D9 /* Assets.xcassets */ = {isa = PBXFileReference; lastKnownFileType = folder.assetcatalog; path = Assets.xcassets; sourceTree = "<group>"; };
		5A0F851027BCEBEA004592D9 /* Preview Assets.xcassets */ = {isa = PBXFileReference; lastKnownFileType = folder.assetcatalog; path = "Preview Assets.xcassets"; sourceTree = "<group>"; };
		5A0F851227BCEBEA004592D9 /* Persistence.swift */ = {isa = PBXFileReference; lastKnownFileType = sourcecode.swift; path = Persistence.swift; sourceTree = "<group>"; };
		5A0F851527BCEBEA004592D9 /* Autism.xcdatamodel */ = {isa = PBXFileReference; lastKnownFileType = wrapper.xcdatamodel; path = Autism.xcdatamodel; sourceTree = "<group>"; };
		5A0F851C27BE3D6E004592D9 /* NavigationView.swift */ = {isa = PBXFileReference; lastKnownFileType = sourcecode.swift; path = NavigationView.swift; sourceTree = "<group>"; };
		5A0F851E27BE3D7F004592D9 /* HomeView.swift */ = {isa = PBXFileReference; lastKnownFileType = sourcecode.swift; path = HomeView.swift; sourceTree = "<group>"; };
		5A0F852027BE3D89004592D9 /* FavView.swift */ = {isa = PBXFileReference; lastKnownFileType = sourcecode.swift; path = FavView.swift; sourceTree = "<group>"; };
		5A0F852227BE3D9B004592D9 /* CreateView.swift */ = {isa = PBXFileReference; lastKnownFileType = sourcecode.swift; path = CreateView.swift; sourceTree = "<group>"; };
		5A0F852427BE3DC8004592D9 /* FeelView.swift */ = {isa = PBXFileReference; lastKnownFileType = sourcecode.swift; path = FeelView.swift; sourceTree = "<group>"; };
		5A0F852727BEA755004592D9 /* TestButtonView.swift */ = {isa = PBXFileReference; lastKnownFileType = sourcecode.swift; path = TestButtonView.swift; sourceTree = "<group>"; };
		5A0F853327BFAAF5004592D9 /* CardModel.swift */ = {isa = PBXFileReference; lastKnownFileType = sourcecode.swift; path = CardModel.swift; sourceTree = "<group>"; };
		5A433C0B27BFB93D007E7869 /* SmallcardImage.swift */ = {isa = PBXFileReference; lastKnownFileType = sourcecode.swift; path = SmallcardImage.swift; sourceTree = "<group>"; };
/* End PBXFileReference section */

/* Begin PBXFrameworksBuildPhase section */
		5A0F850327BCEBE9004592D9 /* Frameworks */ = {
			isa = PBXFrameworksBuildPhase;
			buildActionMask = 2147483647;
			files = (
			);
			runOnlyForDeploymentPostprocessing = 0;
		};
/* End PBXFrameworksBuildPhase section */

/* Begin PBXGroup section */
		5A0F84FD27BCEBE9004592D9 = {
			isa = PBXGroup;
			children = (
				5A0F850827BCEBE9004592D9 /* Autism */,
				5A0F850727BCEBE9004592D9 /* Products */,
			);
			sourceTree = "<group>";
		};
		5A0F850727BCEBE9004592D9 /* Products */ = {
			isa = PBXGroup;
			children = (
				5A0F850627BCEBE9004592D9 /* Autism.app */,
			);
			name = Products;
			sourceTree = "<group>";
		};
		5A0F850827BCEBE9004592D9 /* Autism */ = {
			isa = PBXGroup;
			children = (
				5A0F850927BCEBE9004592D9 /* AutismApp.swift */,
				5A0F851C27BE3D6E004592D9 /* NavigationView.swift */,
				2678D7D127BE64D7006A13E5 /* SpeechService.swift */,
				2678D7C527BE50B6006A13E5 /* ImagePicker.swift */,
				2678D7C727BE50EF006A13E5 /* Image&Extension.swift */,
				2678D7C927BE511D006A13E5 /* Audio.swift */,
				2678D7CB27BE5161006A13E5 /* DataHandling.swift */,
				5A0F853327BFAAF5004592D9 /* CardModel.swift */,
				5A433C0B27BFB93D007E7869 /* SmallcardImage.swift */,
				5A0F852627BE3DEE004592D9 /* Views */,
				5A0F852B27BEB193004592D9 /* Sub-views */,
				5A0F850D27BCEBEA004592D9 /* Assets.xcassets */,
				5A0F850F27BCEBEA004592D9 /* Preview Content */,
			);
			path = Autism;
			sourceTree = "<group>";
		};
		5A0F850F27BCEBEA004592D9 /* Preview Content */ = {
			isa = PBXGroup;
			children = (
				5A0F851227BCEBEA004592D9 /* Persistence.swift */,
				5A0F851427BCEBEA004592D9 /* Autism.xcdatamodeld */,
				5A0F851027BCEBEA004592D9 /* Preview Assets.xcassets */,
			);
			path = "Preview Content";
			sourceTree = "<group>";
		};
		5A0F852627BE3DEE004592D9 /* Views */ = {
			isa = PBXGroup;
			children = (
				5A0F851E27BE3D7F004592D9 /* HomeView.swift */,
				5A0F852027BE3D89004592D9 /* FavView.swift */,
				5A0F852227BE3D9B004592D9 /* CreateView.swift */,
			);
			path = Views;
			sourceTree = "<group>";
		};
		5A0F852B27BEB193004592D9 /* Sub-views */ = {
			isa = PBXGroup;
			children = (
				5A0F852427BE3DC8004592D9 /* FeelView.swift */,
				5A0F852727BEA755004592D9 /* TestButtonView.swift */,
			);
			path = "Sub-views";
			sourceTree = "<group>";
		};
/* End PBXGroup section */

/* Begin PBXNativeTarget section */
		5A0F850527BCEBE9004592D9 /* Autism */ = {
			isa = PBXNativeTarget;
			buildConfigurationList = 5A0F851927BCEBEA004592D9 /* Build configuration list for PBXNativeTarget "Autism" */;
			buildPhases = (
				5A0F850227BCEBE9004592D9 /* Sources */,
				5A0F850327BCEBE9004592D9 /* Frameworks */,
				5A0F850427BCEBE9004592D9 /* Resources */,
			);
			buildRules = (
			);
			dependencies = (
			);
			name = Autism;
			productName = Autism;
			productReference = 5A0F850627BCEBE9004592D9 /* Autism.app */;
			productType = "com.apple.product-type.application";
		};
/* End PBXNativeTarget section */

/* Begin PBXProject section */
		5A0F84FE27BCEBE9004592D9 /* Project object */ = {
			isa = PBXProject;
			attributes = {
				BuildIndependentTargetsInParallel = 1;
				LastSwiftUpdateCheck = 1320;
				LastUpgradeCheck = 1320;
				TargetAttributes = {
					5A0F850527BCEBE9004592D9 = {
						CreatedOnToolsVersion = 13.2.1;
					};
				};
			};
			buildConfigurationList = 5A0F850127BCEBE9004592D9 /* Build configuration list for PBXProject "Autism" */;
			compatibilityVersion = "Xcode 13.0";
			developmentRegion = en;
			hasScannedForEncodings = 0;
			knownRegions = (
				en,
				Base,
			);
			mainGroup = 5A0F84FD27BCEBE9004592D9;
			productRefGroup = 5A0F850727BCEBE9004592D9 /* Products */;
			projectDirPath = "";
			projectRoot = "";
			targets = (
				5A0F850527BCEBE9004592D9 /* Autism */,
			);
		};
/* End PBXProject section */

/* Begin PBXResourcesBuildPhase section */
		5A0F850427BCEBE9004592D9 /* Resources */ = {
			isa = PBXResourcesBuildPhase;
			buildActionMask = 2147483647;
			files = (
				5A0F851127BCEBEA004592D9 /* Preview Assets.xcassets in Resources */,
				5A0F850E27BCEBEA004592D9 /* Assets.xcassets in Resources */,
			);
			runOnlyForDeploymentPostprocessing = 0;
		};
/* End PBXResourcesBuildPhase section */

/* Begin PBXSourcesBuildPhase section */
		5A0F850227BCEBE9004592D9 /* Sources */ = {
			isa = PBXSourcesBuildPhase;
			buildActionMask = 2147483647;
			files = (
				2678D7CC27BE5161006A13E5 /* DataHandling.swift in Sources */,
				5A0F852127BE3D89004592D9 /* FavView.swift in Sources */,
				2678D7D227BE64D7006A13E5 /* SpeechService.swift in Sources */,
				5A0F851327BCEBEA004592D9 /* Persistence.swift in Sources */,
				5A0F853427BFAAF5004592D9 /* CardModel.swift in Sources */,
				5A433C0C27BFB93D007E7869 /* SmallcardImage.swift in Sources */,
				2678D7CA27BE511D006A13E5 /* Audio.swift in Sources */,
				5A0F852327BE3D9B004592D9 /* CreateView.swift in Sources */,
				2678D7C627BE50B6006A13E5 /* ImagePicker.swift in Sources */,
				5A0F852527BE3DC8004592D9 /* FeelView.swift in Sources */,
				5A0F852827BEA755004592D9 /* TestButtonView.swift in Sources */,
				5A0F851D27BE3D6E004592D9 /* NavigationView.swift in Sources */,
				2678D7C827BE50EF006A13E5 /* Image&Extension.swift in Sources */,
				5A0F851F27BE3D7F004592D9 /* HomeView.swift in Sources */,
				5A0F851627BCEBEA004592D9 /* Autism.xcdatamodeld in Sources */,
				5A0F850A27BCEBE9004592D9 /* AutismApp.swift in Sources */,
			);
			runOnlyForDeploymentPostprocessing = 0;
		};
/* End PBXSourcesBuildPhase section */

/* Begin XCBuildConfiguration section */
		5A0F851727BCEBEA004592D9 /* Debug */ = {
			isa = XCBuildConfiguration;
			buildSettings = {
				ALWAYS_SEARCH_USER_PATHS = NO;
				CLANG_ANALYZER_NONNULL = YES;
				CLANG_ANALYZER_NUMBER_OBJECT_CONVERSION = YES_AGGRESSIVE;
				CLANG_CXX_LANGUAGE_STANDARD = "gnu++17";
				CLANG_CXX_LIBRARY = "libc++";
				CLANG_ENABLE_MODULES = YES;
				CLANG_ENABLE_OBJC_ARC = YES;
				CLANG_ENABLE_OBJC_WEAK = YES;
				CLANG_WARN_BLOCK_CAPTURE_AUTORELEASING = YES;
				CLANG_WARN_BOOL_CONVERSION = YES;
				CLANG_WARN_COMMA = YES;
				CLANG_WARN_CONSTANT_CONVERSION = YES;
				CLANG_WARN_DEPRECATED_OBJC_IMPLEMENTATIONS = YES;
				CLANG_WARN_DIRECT_OBJC_ISA_USAGE = YES_ERROR;
				CLANG_WARN_DOCUMENTATION_COMMENTS = YES;
				CLANG_WARN_EMPTY_BODY = YES;
				CLANG_WARN_ENUM_CONVERSION = YES;
				CLANG_WARN_INFINITE_RECURSION = YES;
				CLANG_WARN_INT_CONVERSION = YES;
				CLANG_WARN_NON_LITERAL_NULL_CONVERSION = YES;
				CLANG_WARN_OBJC_IMPLICIT_RETAIN_SELF = YES;
				CLANG_WARN_OBJC_LITERAL_CONVERSION = YES;
				CLANG_WARN_OBJC_ROOT_CLASS = YES_ERROR;
				CLANG_WARN_QUOTED_INCLUDE_IN_FRAMEWORK_HEADER = YES;
				CLANG_WARN_RANGE_LOOP_ANALYSIS = YES;
				CLANG_WARN_STRICT_PROTOTYPES = YES;
				CLANG_WARN_SUSPICIOUS_MOVE = YES;
				CLANG_WARN_UNGUARDED_AVAILABILITY = YES_AGGRESSIVE;
				CLANG_WARN_UNREACHABLE_CODE = YES;
				CLANG_WARN__DUPLICATE_METHOD_MATCH = YES;
				COPY_PHASE_STRIP = NO;
				DEBUG_INFORMATION_FORMAT = dwarf;
				ENABLE_STRICT_OBJC_MSGSEND = YES;
				ENABLE_TESTABILITY = YES;
				GCC_C_LANGUAGE_STANDARD = gnu11;
				GCC_DYNAMIC_NO_PIC = NO;
				GCC_NO_COMMON_BLOCKS = YES;
				GCC_OPTIMIZATION_LEVEL = 0;
				GCC_PREPROCESSOR_DEFINITIONS = (
					"DEBUG=1",
					"$(inherited)",
				);
				GCC_WARN_64_TO_32_BIT_CONVERSION = YES;
				GCC_WARN_ABOUT_RETURN_TYPE = YES_ERROR;
				GCC_WARN_UNDECLARED_SELECTOR = YES;
				GCC_WARN_UNINITIALIZED_AUTOS = YES_AGGRESSIVE;
				GCC_WARN_UNUSED_FUNCTION = YES;
				GCC_WARN_UNUSED_VARIABLE = YES;
				IPHONEOS_DEPLOYMENT_TARGET = 15.0;
				MTL_ENABLE_DEBUG_INFO = INCLUDE_SOURCE;
				MTL_FAST_MATH = YES;
				ONLY_ACTIVE_ARCH = YES;
				SDKROOT = iphoneos;
				SWIFT_ACTIVE_COMPILATION_CONDITIONS = DEBUG;
				SWIFT_OPTIMIZATION_LEVEL = "-Onone";
			};
			name = Debug;
		};
		5A0F851827BCEBEA004592D9 /* Release */ = {
			isa = XCBuildConfiguration;
			buildSettings = {
				ALWAYS_SEARCH_USER_PATHS = NO;
				CLANG_ANALYZER_NONNULL = YES;
				CLANG_ANALYZER_NUMBER_OBJECT_CONVERSION = YES_AGGRESSIVE;
				CLANG_CXX_LANGUAGE_STANDARD = "gnu++17";
				CLANG_CXX_LIBRARY = "libc++";
				CLANG_ENABLE_MODULES = YES;
				CLANG_ENABLE_OBJC_ARC = YES;
				CLANG_ENABLE_OBJC_WEAK = YES;
				CLANG_WARN_BLOCK_CAPTURE_AUTORELEASING = YES;
				CLANG_WARN_BOOL_CONVERSION = YES;
				CLANG_WARN_COMMA = YES;
				CLANG_WARN_CONSTANT_CONVERSION = YES;
				CLANG_WARN_DEPRECATED_OBJC_IMPLEMENTATIONS = YES;
				CLANG_WARN_DIRECT_OBJC_ISA_USAGE = YES_ERROR;
				CLANG_WARN_DOCUMENTATION_COMMENTS = YES;
				CLANG_WARN_EMPTY_BODY = YES;
				CLANG_WARN_ENUM_CONVERSION = YES;
				CLANG_WARN_INFINITE_RECURSION = YES;
				CLANG_WARN_INT_CONVERSION = YES;
				CLANG_WARN_NON_LITERAL_NULL_CONVERSION = YES;
				CLANG_WARN_OBJC_IMPLICIT_RETAIN_SELF = YES;
				CLANG_WARN_OBJC_LITERAL_CONVERSION = YES;
				CLANG_WARN_OBJC_ROOT_CLASS = YES_ERROR;
				CLANG_WARN_QUOTED_INCLUDE_IN_FRAMEWORK_HEADER = YES;
				CLANG_WARN_RANGE_LOOP_ANALYSIS = YES;
				CLANG_WARN_STRICT_PROTOTYPES = YES;
				CLANG_WARN_SUSPICIOUS_MOVE = YES;
				CLANG_WARN_UNGUARDED_AVAILABILITY = YES_AGGRESSIVE;
				CLANG_WARN_UNREACHABLE_CODE = YES;
				CLANG_WARN__DUPLICATE_METHOD_MATCH = YES;
				COPY_PHASE_STRIP = NO;
				DEBUG_INFORMATION_FORMAT = "dwarf-with-dsym";
				ENABLE_NS_ASSERTIONS = NO;
				ENABLE_STRICT_OBJC_MSGSEND = YES;
				GCC_C_LANGUAGE_STANDARD = gnu11;
				GCC_NO_COMMON_BLOCKS = YES;
				GCC_WARN_64_TO_32_BIT_CONVERSION = YES;
				GCC_WARN_ABOUT_RETURN_TYPE = YES_ERROR;
				GCC_WARN_UNDECLARED_SELECTOR = YES;
				GCC_WARN_UNINITIALIZED_AUTOS = YES_AGGRESSIVE;
				GCC_WARN_UNUSED_FUNCTION = YES;
				GCC_WARN_UNUSED_VARIABLE = YES;
				IPHONEOS_DEPLOYMENT_TARGET = 15.0;
				MTL_ENABLE_DEBUG_INFO = NO;
				MTL_FAST_MATH = YES;
				SDKROOT = iphoneos;
				SWIFT_COMPILATION_MODE = wholemodule;
				SWIFT_OPTIMIZATION_LEVEL = "-O";
				VALIDATE_PRODUCT = YES;
			};
			name = Release;
		};
		5A0F851A27BCEBEA004592D9 /* Debug */ = {
			isa = XCBuildConfiguration;
			buildSettings = {
				ASSETCATALOG_COMPILER_APPICON_NAME = AppIcon;
				ASSETCATALOG_COMPILER_GLOBAL_ACCENT_COLOR_NAME = AccentColor;
				CODE_SIGN_STYLE = Automatic;
				CURRENT_PROJECT_VERSION = 1;
				DEVELOPMENT_ASSET_PATHS = "\"Autism/Preview Content\"";
				DEVELOPMENT_TEAM = SD5XL5AQ2L;
				ENABLE_PREVIEWS = YES;
				GENERATE_INFOPLIST_FILE = YES;
				INFOPLIST_KEY_UIApplicationSceneManifest_Generation = YES;
				INFOPLIST_KEY_UIApplicationSupportsIndirectInputEvents = YES;
				INFOPLIST_KEY_UILaunchScreen_Generation = YES;
				INFOPLIST_KEY_UISupportedInterfaceOrientations_iPad = "UIInterfaceOrientationPortrait UIInterfaceOrientationPortraitUpsideDown UIInterfaceOrientationLandscapeLeft UIInterfaceOrientationLandscapeRight";
				INFOPLIST_KEY_UISupportedInterfaceOrientations_iPhone = "UIInterfaceOrientationPortrait UIInterfaceOrientationLandscapeLeft UIInterfaceOrientationLandscapeRight";
				IPHONEOS_DEPLOYMENT_TARGET = 15.2;
				LD_RUNPATH_SEARCH_PATHS = (
					"$(inherited)",
					"@executable_path/Frameworks",
				);
				MARKETING_VERSION = 1.0;
				PRODUCT_BUNDLE_IDENTIFIER = Mariano.Autism;
				PRODUCT_NAME = "$(TARGET_NAME)";
				SWIFT_EMIT_LOC_STRINGS = YES;
				SWIFT_VERSION = 5.0;
				TARGETED_DEVICE_FAMILY = "1,2";
			};
			name = Debug;
		};
		5A0F851B27BCEBEA004592D9 /* Release */ = {
			isa = XCBuildConfiguration;
			buildSettings = {
				ASSETCATALOG_COMPILER_APPICON_NAME = AppIcon;
				ASSETCATALOG_COMPILER_GLOBAL_ACCENT_COLOR_NAME = AccentColor;
				CODE_SIGN_STYLE = Automatic;
				CURRENT_PROJECT_VERSION = 1;
				DEVELOPMENT_ASSET_PATHS = "\"Autism/Preview Content\"";
				DEVELOPMENT_TEAM = SD5XL5AQ2L;
				ENABLE_PREVIEWS = YES;
				GENERATE_INFOPLIST_FILE = YES;
				INFOPLIST_KEY_UIApplicationSceneManifest_Generation = YES;
				INFOPLIST_KEY_UIApplicationSupportsIndirectInputEvents = YES;
				INFOPLIST_KEY_UILaunchScreen_Generation = YES;
				INFOPLIST_KEY_UISupportedInterfaceOrientations_iPad = "UIInterfaceOrientationPortrait UIInterfaceOrientationPortraitUpsideDown UIInterfaceOrientationLandscapeLeft UIInterfaceOrientationLandscapeRight";
				INFOPLIST_KEY_UISupportedInterfaceOrientations_iPhone = "UIInterfaceOrientationPortrait UIInterfaceOrientationLandscapeLeft UIInterfaceOrientationLandscapeRight";
				IPHONEOS_DEPLOYMENT_TARGET = 15.2;
				LD_RUNPATH_SEARCH_PATHS = (
					"$(inherited)",
					"@executable_path/Frameworks",
				);
				MARKETING_VERSION = 1.0;
				PRODUCT_BUNDLE_IDENTIFIER = Mariano.Autism;
				PRODUCT_NAME = "$(TARGET_NAME)";
				SWIFT_EMIT_LOC_STRINGS = YES;
				SWIFT_VERSION = 5.0;
				TARGETED_DEVICE_FAMILY = "1,2";
			};
			name = Release;
		};
/* End XCBuildConfiguration section */

/* Begin XCConfigurationList section */
		5A0F850127BCEBE9004592D9 /* Build configuration list for PBXProject "Autism" */ = {
			isa = XCConfigurationList;
			buildConfigurations = (
				5A0F851727BCEBEA004592D9 /* Debug */,
				5A0F851827BCEBEA004592D9 /* Release */,
			);
			defaultConfigurationIsVisible = 0;
			defaultConfigurationName = Release;
		};
		5A0F851927BCEBEA004592D9 /* Build configuration list for PBXNativeTarget "Autism" */ = {
			isa = XCConfigurationList;
			buildConfigurations = (
				5A0F851A27BCEBEA004592D9 /* Debug */,
				5A0F851B27BCEBEA004592D9 /* Release */,
			);
			defaultConfigurationIsVisible = 0;
			defaultConfigurationName = Release;
		};
/* End XCConfigurationList section */

/* Begin XCVersionGroup section */
		5A0F851427BCEBEA004592D9 /* Autism.xcdatamodeld */ = {
			isa = XCVersionGroup;
			children = (
				5A0F851527BCEBEA004592D9 /* Autism.xcdatamodel */,
			);
			currentVersion = 5A0F851527BCEBEA004592D9 /* Autism.xcdatamodel */;
			path = Autism.xcdatamodeld;
			sourceTree = "<group>";
			versionGroupType = wrapper.xcdatamodel;
		};
/* End XCVersionGroup section */
	};
	rootObject = 5A0F84FE27BCEBE9004592D9 /* Project object */;
}
